// !$*UTF8*$!
{
	archiveVersion = 1;
	classes = {
	};
	objectVersion = 46;
	objects = {

/* Begin PBXBuildFile section */
		2402197F16036E40008AE6BB /* MobileDevice.framework in Frameworks */ = {isa = PBXBuildFile; fileRef = 2402197E16036E40008AE6BB /* MobileDevice.framework */; };
		243C55AF1A0F6977000A1E94 /* Main.m in Sources */ = {isa = PBXBuildFile; fileRef = 243C55AE1A0F6977000A1E94 /* Main.m */; };
		2460CEFB1A0B7F760023CB69 /* MobileDeviceAccess.m in Sources */ = {isa = PBXBuildFile; fileRef = 2460CEFA1A0B7F760023CB69 /* MobileDeviceAccess.m */; settings = {COMPILER_FLAGS = "-fno-objc-arc"; }; };
		2460CF081A0B83CE0023CB69 /* Cocoa.framework in Frameworks */ = {isa = PBXBuildFile; fileRef = 2447BCE714C9824400A34F0F /* Cocoa.framework */; };
		247A05041AA1BA4000A103B1 /* MainMenu.xib in Resources */ = {isa = PBXBuildFile; fileRef = 24AF72C91A345DCD000801CE /* MainMenu.xib */; };
		24BCB02B1ED6C84D00900866 /* YouKooHelper.m in Sources */ = {isa = PBXBuildFile; fileRef = 24BCB0291ED6C84D00900866 /* YouKooHelper.m */; };
		24CCA9121FD7C2FF0089C5E5 /* Icon.icns in Resources */ = {isa = PBXBuildFile; fileRef = 24F3B6EF17018BF9001DEA15 /* Icon.icns */; };
		24CCA9141FD7EFDB0089C5E5 /* ffmpeg in Resources */ = {isa = PBXBuildFile; fileRef = 24CCA9131FD7EFDB0089C5E5 /* ffmpeg */; };
		24FF6E921FDA7AC00076F3E7 /* AppDelegate.m in Sources */ = {isa = PBXBuildFile; fileRef = 24FF6E911FDA7AC00076F3E7 /* AppDelegate.m */; };
/* End PBXBuildFile section */

/* Begin PBXFileReference section */
		2402197E16036E40008AE6BB /* MobileDevice.framework */ = {isa = PBXFileReference; lastKnownFileType = wrapper.framework; name = MobileDevice.framework; path = /System/Library/PrivateFrameworks/MobileDevice.framework; sourceTree = "<absolute>"; };
		243C55AE1A0F6977000A1E94 /* Main.m */ = {isa = PBXFileReference; fileEncoding = 4; lastKnownFileType = sourcecode.c.objc; path = Main.m; sourceTree = "<group>"; };
		2447BCE314C9824400A34F0F /* YouKoo.app */ = {isa = PBXFileReference; explicitFileType = wrapper.application; includeInIndex = 0; path = YouKoo.app; sourceTree = BUILT_PRODUCTS_DIR; };
		2447BCE714C9824400A34F0F /* Cocoa.framework */ = {isa = PBXFileReference; lastKnownFileType = wrapper.framework; name = Cocoa.framework; path = System/Library/Frameworks/Cocoa.framework; sourceTree = SDKROOT; };
		2447BD1114C9830000A34F0F /* Info.plist */ = {isa = PBXFileReference; fileEncoding = 4; lastKnownFileType = text.plist.xml; path = Info.plist; sourceTree = "<group>"; };
		2460CED91A0B6D920023CB69 /* AppDelegate.h */ = {isa = PBXFileReference; fileEncoding = 4; lastKnownFileType = sourcecode.c.h; path = AppDelegate.h; sourceTree = "<group>"; };
		2460CEE81A0B6D920023CB69 /* Prefix.pch */ = {isa = PBXFileReference; fileEncoding = 4; lastKnownFileType = sourcecode.c.h; path = Prefix.pch; sourceTree = "<group>"; };
		2460CEF91A0B7F760023CB69 /* MobileDeviceAccess.h */ = {isa = PBXFileReference; fileEncoding = 4; lastKnownFileType = sourcecode.c.h; path = MobileDeviceAccess.h; sourceTree = "<group>"; };
		2460CEFA1A0B7F760023CB69 /* MobileDeviceAccess.m */ = {isa = PBXFileReference; fileEncoding = 4; lastKnownFileType = sourcecode.c.objc; path = MobileDeviceAccess.m; sourceTree = "<group>"; };
		249BDE041FD6AC1C00A20E19 /* Macro.h */ = {isa = PBXFileReference; fileEncoding = 4; lastKnownFileType = sourcecode.c.h; path = Macro.h; sourceTree = "<group>"; };
		249BDE051FD6AC1C00A20E19 /* NSUtil.h */ = {isa = PBXFileReference; fileEncoding = 4; lastKnownFileType = sourcecode.c.h; path = NSUtil.h; sourceTree = "<group>"; };
		24AF72C91A345DCD000801CE /* MainMenu.xib */ = {isa = PBXFileReference; fileEncoding = 4; lastKnownFileType = file.xib; path = MainMenu.xib; sourceTree = "<group>"; };
		24BCB0291ED6C84D00900866 /* YouKooHelper.m */ = {isa = PBXFileReference; fileEncoding = 4; lastKnownFileType = sourcecode.c.objc; path = YouKooHelper.m; sourceTree = "<group>"; };
		24BCB02A1ED6C84D00900866 /* YouKooHelper.h */ = {isa = PBXFileReference; fileEncoding = 4; lastKnownFileType = sourcecode.c.h; path = YouKooHelper.h; sourceTree = "<group>"; };
		24CCA9131FD7EFDB0089C5E5 /* ffmpeg */ = {isa = PBXFileReference; lastKnownFileType = "compiled.mach-o.executable"; path = ffmpeg; sourceTree = "<group>"; };
		24F3B6EF17018BF9001DEA15 /* Icon.icns */ = {isa = PBXFileReference; lastKnownFileType = image.icns; path = Icon.icns; sourceTree = "<group>"; };
		24FF6E911FDA7AC00076F3E7 /* AppDelegate.m */ = {isa = PBXFileReference; fileEncoding = 4; lastKnownFileType = sourcecode.c.objc; path = AppDelegate.m; sourceTree = "<group>"; };
/* End PBXFileReference section */

/* Begin PBXFrameworksBuildPhase section */
		2447BCE014C9824400A34F0F /* Frameworks */ = {
			isa = PBXFrameworksBuildPhase;
			buildActionMask = 2147483647;
			files = (
				2402197F16036E40008AE6BB /* MobileDevice.framework in Frameworks */,
				2460CF081A0B83CE0023CB69 /* Cocoa.framework in Frameworks */,
			);
			runOnlyForDeploymentPostprocessing = 0;
		};
/* End PBXFrameworksBuildPhase section */

/* Begin PBXGroup section */
		2447BCD814C9824400A34F0F = {
			isa = PBXGroup;
			children = (
				2460CED81A0B6D920023CB69 /* Sources */,
				2460CEF81A0B7F760023CB69 /* Utilities */,
				2447BD0A14C9830000A34F0F /* Resources */,
				2447BCE614C9824400A34F0F /* Frameworks */,
				2447BCE414C9824400A34F0F /* Products */,
			);
			sourceTree = "<group>";
		};
		2447BCE414C9824400A34F0F /* Products */ = {
			isa = PBXGroup;
			children = (
				2447BCE314C9824400A34F0F /* YouKoo.app */,
			);
			name = Products;
			sourceTree = "<group>";
		};
		2447BCE614C9824400A34F0F /* Frameworks */ = {
			isa = PBXGroup;
			children = (
				2447BCE714C9824400A34F0F /* Cocoa.framework */,
				2402197E16036E40008AE6BB /* MobileDevice.framework */,
			);
			name = Frameworks;
			sourceTree = "<group>";
		};
		2447BD0A14C9830000A34F0F /* Resources */ = {
			isa = PBXGroup;
			children = (
				24CCA9131FD7EFDB0089C5E5 /* ffmpeg */,
				2447BD1114C9830000A34F0F /* Info.plist */,
				24F3B6EF17018BF9001DEA15 /* Icon.icns */,
				24AF72C91A345DCD000801CE /* MainMenu.xib */,
			);
			path = Resources;
			sourceTree = SOURCE_ROOT;
		};
		2460CED81A0B6D920023CB69 /* Sources */ = {
			isa = PBXGroup;
			children = (
				243C55AE1A0F6977000A1E94 /* Main.m */,
				2460CEE81A0B6D920023CB69 /* Prefix.pch */,
				2460CED91A0B6D920023CB69 /* AppDelegate.h */,
				24FF6E911FDA7AC00076F3E7 /* AppDelegate.m */,
				24BCB02A1ED6C84D00900866 /* YouKooHelper.h */,
				24BCB0291ED6C84D00900866 /* YouKooHelper.m */,
			);
			path = Sources;
			sourceTree = "<group>";
		};
		2460CEF81A0B7F760023CB69 /* Utilities */ = {
			isa = PBXGroup;
			children = (
				249BDE041FD6AC1C00A20E19 /* Macro.h */,
				249BDE051FD6AC1C00A20E19 /* NSUtil.h */,
				2460CEF91A0B7F760023CB69 /* MobileDeviceAccess.h */,
				2460CEFA1A0B7F760023CB69 /* MobileDeviceAccess.m */,
			);
			path = Utilities;
			sourceTree = "<group>";
		};
/* End PBXGroup section */

/* Begin PBXNativeTarget section */
		2447BCE214C9824400A34F0F /* YouKoo */ = {
			isa = PBXNativeTarget;
			buildConfigurationList = 2447BD0114C9824400A34F0F /* Build configuration list for PBXNativeTarget "YouKoo" */;
			buildPhases = (
				24EBB53417302F63003DB4FD /* Refresh Version Stamp */,
				2447BCDF14C9824400A34F0F /* Sources */,
				2447BCE014C9824400A34F0F /* Frameworks */,
				2447BCE114C9824400A34F0F /* Resources */,
				2460CF051A0B83040023CB69 /* ShellScript */,
			);
			buildRules = (
			);
			dependencies = (
			);
			name = YouKoo;
			productName = YouKoo;
			productReference = 2447BCE314C9824400A34F0F /* YouKoo.app */;
			productType = "com.apple.product-type.application";
		};
/* End PBXNativeTarget section */

/* Begin PBXProject section */
		2447BCDA14C9824400A34F0F /* Project object */ = {
			isa = PBXProject;
			attributes = {
				LastUpgradeCheck = 0900;
			};
			buildConfigurationList = 2447BCDD14C9824400A34F0F /* Build configuration list for PBXProject "YouKoo" */;
			compatibilityVersion = "Xcode 3.2";
			developmentRegion = English;
			hasScannedForEncodings = 0;
			knownRegions = (
				en,
				"zh-Hans",
				"zh-Hant",
			);
			mainGroup = 2447BCD814C9824400A34F0F;
			productRefGroup = 2447BCE414C9824400A34F0F /* Products */;
			projectDirPath = "";
			projectRoot = "";
			targets = (
				2447BCE214C9824400A34F0F /* YouKoo */,
			);
		};
/* End PBXProject section */

/* Begin PBXResourcesBuildPhase section */
		2447BCE114C9824400A34F0F /* Resources */ = {
			isa = PBXResourcesBuildPhase;
			buildActionMask = 2147483647;
			files = (
				247A05041AA1BA4000A103B1 /* MainMenu.xib in Resources */,
				24CCA9141FD7EFDB0089C5E5 /* ffmpeg in Resources */,
				24CCA9121FD7C2FF0089C5E5 /* Icon.icns in Resources */,
			);
			runOnlyForDeploymentPostprocessing = 0;
		};
/* End PBXResourcesBuildPhase section */

/* Begin PBXShellScriptBuildPhase section */
		2460CF051A0B83040023CB69 /* ShellScript */ = {
			isa = PBXShellScriptBuildPhase;
			buildActionMask = 2147483647;
			files = (
			);
			inputPaths = (
			);
			outputPaths = (
			);
			runOnlyForDeploymentPostprocessing = 0;
			shellPath = /bin/sh;
			shellScript = "";
		};
		24EBB53417302F63003DB4FD /* Refresh Version Stamp */ = {
			isa = PBXShellScriptBuildPhase;
			buildActionMask = 2147483647;
			files = (
			);
			inputPaths = (
			);
			name = "Refresh Version Stamp";
			outputPaths = (
			);
			runOnlyForDeploymentPostprocessing = 0;
			shellPath = /bin/sh;
			shellScript = "V0=`defaults read $PROJECT_DIR/Resources/Info CFBundleVersion`\nV1=`echo $V0 | cut -d . -f1`\nV2=`echo $V0 | cut -d . -f2`\nV3=`echo $V0 | cut -d . -f3`\nV4=`echo $V0 | cut -d . -f4`\nV4=`date +%m%d`\nif [[ $BUILT_PRODUCTS_DIR = */Release* ]]; then\nV3=$(($V3 + 1));\ndefaults write $PROJECT_DIR/Resources/Info CFBundleShortVersionString $V1.$V2.$V3\nfi\ndefaults write $PROJECT_DIR/Resources/Info CFBundleVersion $V1.$V2.$V3.$V4\n";
			showEnvVarsInLog = 0;
		};
/* End PBXShellScriptBuildPhase section */

/* Begin PBXSourcesBuildPhase section */
		2447BCDF14C9824400A34F0F /* Sources */ = {
			isa = PBXSourcesBuildPhase;
			buildActionMask = 2147483647;
			files = (
				24FF6E921FDA7AC00076F3E7 /* AppDelegate.m in Sources */,
				243C55AF1A0F6977000A1E94 /* Main.m in Sources */,
				2460CEFB1A0B7F760023CB69 /* MobileDeviceAccess.m in Sources */,
				24BCB02B1ED6C84D00900866 /* YouKooHelper.m in Sources */,
			);
			runOnlyForDeploymentPostprocessing = 0;
		};
/* End PBXSourcesBuildPhase section */

/* Begin XCBuildConfiguration section */
		2447BCFF14C9824400A34F0F /* Debug */ = {
			isa = XCBuildConfiguration;
			buildSettings = {
				CLANG_ANALYZER_LOCALIZABILITY_NONLOCALIZED = YES;
				CLANG_CXX_LIBRARY = "libc++";
				CLANG_ENABLE_OBJC_ARC = YES;
				CLANG_WARN_BLOCK_CAPTURE_AUTORELEASING = YES;
				CLANG_WARN_BOOL_CONVERSION = YES;
				CLANG_WARN_COMMA = YES;
				CLANG_WARN_CONSTANT_CONVERSION = YES;
				CLANG_WARN_EMPTY_BODY = YES;
				CLANG_WARN_ENUM_CONVERSION = YES;
				CLANG_WARN_INFINITE_RECURSION = YES;
				CLANG_WARN_INT_CONVERSION = YES;
				CLANG_WARN_NON_LITERAL_NULL_CONVERSION = YES;
				CLANG_WARN_OBJC_LITERAL_CONVERSION = YES;
				CLANG_WARN_RANGE_LOOP_ANALYSIS = YES;
				CLANG_WARN_STRICT_PROTOTYPES = YES;
				CLANG_WARN_SUSPICIOUS_MOVE = YES;
				CLANG_WARN_UNREACHABLE_CODE = YES;
				CLANG_WARN__DUPLICATE_METHOD_MATCH = YES;
				COPY_PHASE_STRIP = NO;
				ENABLE_STRICT_OBJC_MSGSEND = YES;
				ENABLE_TESTABILITY = YES;
				FRAMEWORK_SEARCH_PATHS = "\"$(SYSTEM_LIBRARY_DIR)/PrivateFrameworks\"";
				GCC_C_LANGUAGE_STANDARD = gnu99;
				GCC_DYNAMIC_NO_PIC = NO;
				GCC_ENABLE_OBJC_EXCEPTIONS = YES;
				GCC_NO_COMMON_BLOCKS = YES;
				GCC_OPTIMIZATION_LEVEL = 0;
				GCC_PRECOMPILE_PREFIX_HEADER = YES;
				GCC_PREFIX_HEADER = Sources/Prefix.pch;
				GCC_PREPROCESSOR_DEFINITIONS = (
					"DEBUG=1",
					"$(inherited)",
				);
				GCC_SYMBOLS_PRIVATE_EXTERN = YES;
				GCC_VERSION = com.apple.compilers.llvm.clang.1_0;
				GCC_WARN_64_TO_32_BIT_CONVERSION = YES;
				GCC_WARN_ABOUT_MISSING_PROTOTYPES = YES;
				GCC_WARN_ABOUT_RETURN_TYPE = YES;
				GCC_WARN_UNDECLARED_SELECTOR = YES;
				GCC_WARN_UNINITIALIZED_AUTOS = YES;
				GCC_WARN_UNUSED_FUNCTION = YES;
				GCC_WARN_UNUSED_VARIABLE = YES;
				INFOPLIST_FILE = Resources/Info.plist;
				MACOSX_DEPLOYMENT_TARGET = 10.10;
				ONLY_ACTIVE_ARCH = YES;
				PRODUCT_NAME = YouKoo;
				SDKROOT = macosx;
				USER_HEADER_SEARCH_PATHS = "../Bomb/** ../Camo/**";
				WRAPPER_EXTENSION = app;
			};
			name = Debug;
		};
		2447BD0014C9824400A34F0F /* Release */ = {
			isa = XCBuildConfiguration;
			buildSettings = {
				CLANG_ANALYZER_LOCALIZABILITY_NONLOCALIZED = YES;
				CLANG_CXX_LIBRARY = "libc++";
				CLANG_ENABLE_OBJC_ARC = YES;
				CLANG_WARN_BLOCK_CAPTURE_AUTORELEASING = YES;
				CLANG_WARN_BOOL_CONVERSION = YES;
				CLANG_WARN_COMMA = YES;
				CLANG_WARN_CONSTANT_CONVERSION = YES;
				CLANG_WARN_EMPTY_BODY = YES;
				CLANG_WARN_ENUM_CONVERSION = YES;
				CLANG_WARN_INFINITE_RECURSION = YES;
				CLANG_WARN_INT_CONVERSION = YES;
				CLANG_WARN_NON_LITERAL_NULL_CONVERSION = YES;
				CLANG_WARN_OBJC_LITERAL_CONVERSION = YES;
				CLANG_WARN_RANGE_LOOP_ANALYSIS = YES;
				CLANG_WARN_STRICT_PROTOTYPES = YES;
				CLANG_WARN_SUSPICIOUS_MOVE = YES;
				CLANG_WARN_UNREACHABLE_CODE = YES;
				CLANG_WARN__DUPLICATE_METHOD_MATCH = YES;
				COPY_PHASE_STRIP = NO;
				DEBUG_INFORMATION_FORMAT = "dwarf-with-dsym";
				ENABLE_STRICT_OBJC_MSGSEND = YES;
				FRAMEWORK_SEARCH_PATHS = "\"$(SYSTEM_LIBRARY_DIR)/PrivateFrameworks\"";
				GCC_C_LANGUAGE_STANDARD = gnu99;
				GCC_ENABLE_OBJC_EXCEPTIONS = YES;
				GCC_GENERATE_DEBUGGING_SYMBOLS = NO;
				GCC_NO_COMMON_BLOCKS = YES;
				GCC_OPTIMIZATION_LEVEL = 0;
				GCC_PRECOMPILE_PREFIX_HEADER = YES;
				GCC_PREFIX_HEADER = Sources/Prefix.pch;
				GCC_SYMBOLS_PRIVATE_EXTERN = YES;
				GCC_VERSION = com.apple.compilers.llvm.clang.1_0;
				GCC_WARN_64_TO_32_BIT_CONVERSION = YES;
				GCC_WARN_ABOUT_MISSING_PROTOTYPES = YES;
				GCC_WARN_ABOUT_RETURN_TYPE = YES;
				GCC_WARN_UNDECLARED_SELECTOR = YES;
				GCC_WARN_UNINITIALIZED_AUTOS = YES;
				GCC_WARN_UNUSED_FUNCTION = YES;
				GCC_WARN_UNUSED_VARIABLE = YES;
				INFOPLIST_FILE = Resources/Info.plist;
				MACOSX_DEPLOYMENT_TARGET = 10.10;
				PRODUCT_NAME = YouKoo;
				SDKROOT = macosx;
				USER_HEADER_SEARCH_PATHS = "../Bomb/** ../Camo/**";
				WRAPPER_EXTENSION = app;
			};
			name = Release;
		};
		2447BD0214C9824400A34F0F /* Debug */ = {
			isa = XCBuildConfiguration;
			buildSettings = {
				COMBINE_HIDPI_IMAGES = YES;
				PRODUCT_BUNDLE_IDENTIFIER = net.yonsm.YouKoo;
				PRODUCT_NAME = YouKoo;
			};
			name = Debug;
		};
		2447BD0314C9824400A34F0F /* Release */ = {
			isa = XCBuildConfiguration;
			buildSettings = {
				COMBINE_HIDPI_IMAGES = YES;
				PRODUCT_BUNDLE_IDENTIFIER = net.yonsm.YouKoo;
				PRODUCT_NAME = YouKoo;
			};
			name = Release;
		};
/* End XCBuildConfiguration section */

/* Begin XCConfigurationList section */
		2447BCDD14C9824400A34F0F /* Build configuration list for PBXProject "YouKoo" */ = {
			isa = XCConfigurationList;
			buildConfigurations = (
				2447BCFF14C9824400A34F0F /* Debug */,
				2447BD0014C9824400A34F0F /* Release */,
			);
			defaultConfigurationIsVisible = 0;
			defaultConfigurationName = Release;
		};
		2447BD0114C9824400A34F0F /* Build configuration list for PBXNativeTarget "YouKoo" */ = {
			isa = XCConfigurationList;
			buildConfigurations = (
				2447BD0214C9824400A34F0F /* Debug */,
				2447BD0314C9824400A34F0F /* Release */,
			);
			defaultConfigurationIsVisible = 0;
			defaultConfigurationName = Release;
		};
/* End XCConfigurationList section */
	};
	rootObject = 2447BCDA14C9824400A34F0F /* Project object */;
}
